
Microsoft Visual Studio Solution File, Format Version 12.00
# Visual Studio 15
VisualStudioVersion = 15.0.27004.2005
MinimumVisualStudioVersion = 10.0.40219.1
Project("{9A19103F-16F7-4668-BE54-9A1E7A4F7556}") = "Owin.ThumbCrop", "Owin.ThumbCrop\Owin.ThumbCrop.csproj", "{8D99F202-A6A2-4E89-B6A1-26F13DACCBB3}"
EndProject
Global
	GlobalSection(SolutionConfigurationPlatforms) = preSolution
		Debug|Any CPU = Debug|Any CPU
		Release|Any CPU = Release|Any CPU
	EndGlobalSection
	GlobalSection(ProjectConfigurationPlatforms) = postSolution
		{8D99F202-A6A2-4E89-B6A1-26F13DACCBB3}.Debug|Any CPU.ActiveCfg = Debug|Any CPU
		{8D99F202-A6A2-4E89-B6A1-26F13DACCBB3}.Debug|Any CPU.Build.0 = Debug|Any CPU
		{8D99F202-A6A2-4E89-B6A1-26F13DACCBB3}.Release|Any CPU.ActiveCfg = Release|Any CPU
		{8D99F202-A6A2-4E89-B6A1-26F13DACCBB3}.Release|Any CPU.Build.0 = Release|Any CPU
	EndGlobalSection
	GlobalSection(SolutionProperties) = preSolution
		HideSolutionNode = FALSE
	EndGlobalSection
	GlobalSection(ExtensibilityGlobals) = postSolution
		SolutionGuid = {CBF3393D-109B-4197-BE30-7AF0C431E0FD}
	EndGlobalSection
EndGlobal
