
Microsoft Visual Studio Solution File, Format Version 12.00
# Visual Studio 15
VisualStudioVersion = 15.0.27004.2005
MinimumVisualStudioVersion = 10.0.40219.1
Project("{FAE04EC0-301F-11D3-BF4B-00C04F79EFBC}") = "OwinTestApp", "OwinTestApp\OwinTestApp.csproj", "{1710A2D6-6359-41D7-9387-2DE51C689D22}"
EndProject
Project("{FAE04EC0-301F-11D3-BF4B-00C04F79EFBC}") = "Owin.ThumbCrop", "Owin.ThumbCrop\Owin.ThumbCrop.csproj", "{8D99F202-A6A2-4E89-B6A1-26F13DACCBB3}"
EndProject
Global
	GlobalSection(SolutionConfigurationPlatforms) = preSolution
		Debug|Any CPU = Debug|Any CPU
		Release|Any CPU = Release|Any CPU
	EndGlobalSection
	GlobalSection(ProjectConfigurationPlatforms) = postSolution
		{1710A2D6-6359-41D7-9387-2DE51C689D22}.Debug|Any CPU.ActiveCfg = Debug|Any CPU
		{1710A2D6-6359-41D7-9387-2DE51C689D22}.Debug|Any CPU.Build.0 = Debug|Any CPU
		{1710A2D6-6359-41D7-9387-2DE51C689D22}.Release|Any CPU.ActiveCfg = Release|Any CPU
		{1710A2D6-6359-41D7-9387-2DE51C689D22}.Release|Any CPU.Build.0 = Release|Any CPU
		{8D99F202-A6A2-4E89-B6A1-26F13DACCBB3}.Debug|Any CPU.ActiveCfg = Debug|Any CPU
		{8D99F202-A6A2-4E89-B6A1-26F13DACCBB3}.Debug|Any CPU.Build.0 = Debug|Any CPU
		{8D99F202-A6A2-4E89-B6A1-26F13DACCBB3}.Release|Any CPU.ActiveCfg = Release|Any CPU
		{8D99F202-A6A2-4E89-B6A1-26F13DACCBB3}.Release|Any CPU.Build.0 = Release|Any CPU
	EndGlobalSection
	GlobalSection(SolutionProperties) = preSolution
		HideSolutionNode = FALSE
	EndGlobalSection
	GlobalSection(ExtensibilityGlobals) = postSolution
		SolutionGuid = {CBF3393D-109B-4197-BE30-7AF0C431E0FD}
	EndGlobalSection
EndGlobal
